<?xml version="1.0" encoding="utf-8"?>
<Project ToolsVersion="4.0" xmlns="http://schemas.microsoft.com/developer/msbuild/2003">
  <ItemGroup>
    <Filter Include="Source Files">
      <UniqueIdentifier>{4FC737F1-C7A5-4376-A066-2A32D752A2FF}</UniqueIdentifier>
      <Extensions>cpp;c;cc;cxx;def;odl;idl;hpj;bat;asm;asmx</Extensions>
    </Filter>
    <Filter Include="Header Files">
      <UniqueIdentifier>{93995380-89BD-4b04-88EB-625FBE52EBFB}</UniqueIdentifier>
      <Extensions>h;hpp;hxx;hm;inl;inc;xsd</Extensions>
    </Filter>
    <Filter Include="Resource Files">
      <UniqueIdentifier>{67DA6AB6-F800-4c08-8B7A-83BB121AAD01}</UniqueIdentifier>
      <Extensions>rc;ico;cur;bmp;dlg;rc2;rct;bin;rgs;gif;jpg;jpeg;jpe;resx;tiff;tif;png;wav;mfcribbon-ms</Extensions>
    </Filter>
    <Filter Include="Header Files\SMTP">
      <UniqueIdentifier>{3cdaab5e-06c3-4ef5-9b3c-1a98991630d8}</UniqueIdentifier>
    </Filter>
    <Filter Include="Source Files\SMTP">
      <UniqueIdentifier>{e513d20d-0079-4017-a94e-a1cc5dc2e159}</UniqueIdentifier>
    </Filter>
  </ItemGroup>
  <ItemGroup>
    <None Include="ReadMe.txt" />
  </ItemGroup>
  <ItemGroup>
    <ClInclude Include="stdafx.h">
      <Filter>Header Files</Filter>
    </ClInclude>
    <ClInclude Include="targetver.h">
      <Filter>Header Files</Filter>
    </ClInclude>
    <ClInclude Include="SmtpClient.h">
      <Filter>Header Files</Filter>
    </ClInclude>
    <ClInclude Include="SmtpClientBase.h">
      <Filter>Header Files</Filter>
    </ClInclude>
    <ClInclude Include="SMTP\base64.h">
      <Filter>Header Files\SMTP</Filter>
    </ClInclude>
    <ClInclude Include="SMTP\md5.h">
      <Filter>Header Files\SMTP</Filter>
    </ClInclude>
    <ClInclude Include="SMTP\Smtp.h">
      <Filter>Header Files\SMTP</Filter>
    </ClInclude>
  </ItemGroup>
  <ItemGroup>
    <ClCompile Include="stdafx.cpp">
      <Filter>Source Files</Filter>
    </ClCompile>
    <ClCompile Include="dllmain.cpp">
      <Filter>Source Files</Filter>
    </ClCompile>
    <ClCompile Include="SmtpClient.cpp">
      <Filter>Source Files</Filter>
    </ClCompile>
    <ClCompile Include="SmtpClientBase.cpp">
      <Filter>Source Files</Filter>
    </ClCompile>
    <ClCompile Include="SMTP\base64.cpp">
      <Filter>Source Files\SMTP</Filter>
    </ClCompile>
    <ClCompile Include="SMTP\md5.cpp">
      <Filter>Source Files\SMTP</Filter>
    </ClCompile>
    <ClCompile Include="SMTP\Smtp.cpp">
      <Filter>Source Files\SMTP</Filter>
    </ClCompile>
  </ItemGroup>
</Project>